// !$*UTF8*$!
{
	archiveVersion = 1;
	classes = {
	};
	objectVersion = 46;
	objects = {

/* Begin PBXBuildFile section */
		9511CEF71A8CB8A400167E25 /* main.m in Sources */ = {isa = PBXBuildFile; fileRef = 9511CEF61A8CB8A400167E25 /* main.m */; };
		9511CEFA1A8CB8A400167E25 /* AppDelegate.m in Sources */ = {isa = PBXBuildFile; fileRef = 9511CEF91A8CB8A400167E25 /* AppDelegate.m */; };
		9511CEFD1A8CB8A400167E25 /* ViewController.m in Sources */ = {isa = PBXBuildFile; fileRef = 9511CEFC1A8CB8A400167E25 /* ViewController.m */; };
		9511CF001A8CB8A400167E25 /* Main.storyboard in Resources */ = {isa = PBXBuildFile; fileRef = 9511CEFE1A8CB8A400167E25 /* Main.storyboard */; };
		9511CF021A8CB8A400167E25 /* Images.xcassets in Resources */ = {isa = PBXBuildFile; fileRef = 9511CF011A8CB8A400167E25 /* Images.xcassets */; };
		9511CF051A8CB8A400167E25 /* LaunchScreen.xib in Resources */ = {isa = PBXBuildFile; fileRef = 9511CF031A8CB8A400167E25 /* LaunchScreen.xib */; };
		9511CF111A8CB8A400167E25 /* testimageTests.m in Sources */ = {isa = PBXBuildFile; fileRef = 9511CF101A8CB8A400167E25 /* testimageTests.m */; };
/* End PBXBuildFile section */

/* Begin PBXContainerItemProxy section */
		9511CF0B1A8CB8A400167E25 /* PBXContainerItemProxy */ = {
			isa = PBXContainerItemProxy;
			containerPortal = 9511CEE91A8CB8A400167E25 /* Project object */;
			proxyType = 1;
			remoteGlobalIDString = 9511CEF01A8CB8A400167E25;
			remoteInfo = testimage;
		};
/* End PBXContainerItemProxy section */

/* Begin PBXFileReference section */
		9511CEF11A8CB8A400167E25 /* testimage.app */ = {isa = PBXFileReference; explicitFileType = wrapper.application; includeInIndex = 0; path = testimage.app; sourceTree = BUILT_PRODUCTS_DIR; };
		9511CEF51A8CB8A400167E25 /* Info.plist */ = {isa = PBXFileReference; lastKnownFileType = text.plist.xml; path = Info.plist; sourceTree = "<group>"; };
		9511CEF61A8CB8A400167E25 /* main.m */ = {isa = PBXFileReference; lastKnownFileType = sourcecode.c.objc; path = main.m; sourceTree = "<group>"; };
		9511CEF81A8CB8A400167E25 /* AppDelegate.h */ = {isa = PBXFileReference; lastKnownFileType = sourcecode.c.h; path = AppDelegate.h; sourceTree = "<group>"; };
		9511CEF91A8CB8A400167E25 /* AppDelegate.m */ = {isa = PBXFileReference; lastKnownFileType = sourcecode.c.objc; path = AppDelegate.m; sourceTree = "<group>"; };
		9511CEFB1A8CB8A400167E25 /* ViewController.h */ = {isa = PBXFileReference; lastKnownFileType = sourcecode.c.h; path = ViewController.h; sourceTree = "<group>"; };
		9511CEFC1A8CB8A400167E25 /* ViewController.m */ = {isa = PBXFileReference; lastKnownFileType = sourcecode.c.objc; path = ViewController.m; sourceTree = "<group>"; };
		9511CEFF1A8CB8A400167E25 /* Base */ = {isa = PBXFileReference; lastKnownFileType = file.storyboard; name = Base; path = Base.lproj/Main.storyboard; sourceTree = "<group>"; };
		9511CF011A8CB8A400167E25 /* Images.xcassets */ = {isa = PBXFileReference; lastKnownFileType = folder.assetcatalog; path = Images.xcassets; sourceTree = "<group>"; };
		9511CF041A8CB8A400167E25 /* Base */ = {isa = PBXFileReference; lastKnownFileType = file.xib; name = Base; path = Base.lproj/LaunchScreen.xib; sourceTree = "<group>"; };
		9511CF0A1A8CB8A400167E25 /* testimageTests.xctest */ = {isa = PBXFileReference; explicitFileType = wrapper.cfbundle; includeInIndex = 0; path = testimageTests.xctest; sourceTree = BUILT_PRODUCTS_DIR; };
		9511CF0F1A8CB8A400167E25 /* Info.plist */ = {isa = PBXFileReference; lastKnownFileType = text.plist.xml; path = Info.plist; sourceTree = "<group>"; };
		9511CF101A8CB8A400167E25 /* testimageTests.m */ = {isa = PBXFileReference; lastKnownFileType = sourcecode.c.objc; path = testimageTests.m; sourceTree = "<group>"; };
/* End PBXFileReference section */

/* Begin PBXFrameworksBuildPhase section */
		9511CEEE1A8CB8A400167E25 /* Frameworks */ = {
			isa = PBXFrameworksBuildPhase;
			buildActionMask = 2147483647;
			files = (
			);
			runOnlyForDeploymentPostprocessing = 0;
		};
		9511CF071A8CB8A400167E25 /* Frameworks */ = {
			isa = PBXFrameworksBuildPhase;
			buildActionMask = 2147483647;
			files = (
			);
			runOnlyForDeploymentPostprocessing = 0;
		};
/* End PBXFrameworksBuildPhase section */

/* Begin PBXGroup section */
		9511CEE81A8CB8A400167E25 = {
			isa = PBXGroup;
			children = (
				9511CEF31A8CB8A400167E25 /* testimage */,
				9511CF0D1A8CB8A400167E25 /* testimageTests */,
				9511CEF21A8CB8A400167E25 /* Products */,
			);
			sourceTree = "<group>";
		};
		9511CEF21A8CB8A400167E25 /* Products */ = {
			isa = PBXGroup;
			children = (
				9511CEF11A8CB8A400167E25 /* testimage.app */,
				9511CF0A1A8CB8A400167E25 /* testimageTests.xctest */,
			);
			name = Products;
			sourceTree = "<group>";
		};
		9511CEF31A8CB8A400167E25 /* testimage */ = {
			isa = PBXGroup;
			children = (
				9511CEF81A8CB8A400167E25 /* AppDelegate.h */,
				9511CEF91A8CB8A400167E25 /* AppDelegate.m */,
				9511CEFB1A8CB8A400167E25 /* ViewController.h */,
				9511CEFC1A8CB8A400167E25 /* ViewController.m */,
				9511CEFE1A8CB8A400167E25 /* Main.storyboard */,
				9511CF011A8CB8A400167E25 /* Images.xcassets */,
				9511CF031A8CB8A400167E25 /* LaunchScreen.xib */,
				9511CEF41A8CB8A400167E25 /* Supporting Files */,
			);
			path = testimage;
			sourceTree = "<group>";
		};
		9511CEF41A8CB8A400167E25 /* Supporting Files */ = {
			isa = PBXGroup;
			children = (
				9511CEF51A8CB8A400167E25 /* Info.plist */,
				9511CEF61A8CB8A400167E25 /* main.m */,
			);
			name = "Supporting Files";
			sourceTree = "<group>";
		};
		9511CF0D1A8CB8A400167E25 /* testimageTests */ = {
			isa = PBXGroup;
			children = (
				9511CF101A8CB8A400167E25 /* testimageTests.m */,
				9511CF0E1A8CB8A400167E25 /* Supporting Files */,
			);
			path = testimageTests;
			sourceTree = "<group>";
		};
		9511CF0E1A8CB8A400167E25 /* Supporting Files */ = {
			isa = PBXGroup;
			children = (
				9511CF0F1A8CB8A400167E25 /* Info.plist */,
			);
			name = "Supporting Files";
			sourceTree = "<group>";
		};
/* End PBXGroup section */

/* Begin PBXNativeTarget section */
		9511CEF01A8CB8A400167E25 /* testimage */ = {
			isa = PBXNativeTarget;
			buildConfigurationList = 9511CF141A8CB8A400167E25 /* Build configuration list for PBXNativeTarget "testimage" */;
			buildPhases = (
				9511CEED1A8CB8A400167E25 /* Sources */,
				9511CEEE1A8CB8A400167E25 /* Frameworks */,
				9511CEEF1A8CB8A400167E25 /* Resources */,
			);
			buildRules = (
			);
			dependencies = (
			);
			name = testimage;
			productName = testimage;
			productReference = 9511CEF11A8CB8A400167E25 /* testimage.app */;
			productType = "com.apple.product-type.application";
		};
		9511CF091A8CB8A400167E25 /* testimageTests */ = {
			isa = PBXNativeTarget;
			buildConfigurationList = 9511CF171A8CB8A400167E25 /* Build configuration list for PBXNativeTarget "testimageTests" */;
			buildPhases = (
				9511CF061A8CB8A400167E25 /* Sources */,
				9511CF071A8CB8A400167E25 /* Frameworks */,
				9511CF081A8CB8A400167E25 /* Resources */,
			);
			buildRules = (
			);
			dependencies = (
				9511CF0C1A8CB8A400167E25 /* PBXTargetDependency */,
			);
			name = testimageTests;
			productName = testimageTests;
			productReference = 9511CF0A1A8CB8A400167E25 /* testimageTests.xctest */;
			productType = "com.apple.product-type.bundle.unit-test";
		};
/* End PBXNativeTarget section */

/* Begin PBXProject section */
		9511CEE91A8CB8A400167E25 /* Project object */ = {
			isa = PBXProject;
			attributes = {
				LastUpgradeCheck = 0610;
				ORGANIZATIONNAME = xueyao;
				TargetAttributes = {
					9511CEF01A8CB8A400167E25 = {
						CreatedOnToolsVersion = 6.1;
					};
					9511CF091A8CB8A400167E25 = {
						CreatedOnToolsVersion = 6.1;
						TestTargetID = 9511CEF01A8CB8A400167E25;
					};
				};
			};
			buildConfigurationList = 9511CEEC1A8CB8A400167E25 /* Build configuration list for PBXProject "testimage" */;
			compatibilityVersion = "Xcode 3.2";
			developmentRegion = English;
			hasScannedForEncodings = 0;
			knownRegions = (
				en,
				Base,
			);
			mainGroup = 9511CEE81A8CB8A400167E25;
			productRefGroup = 9511CEF21A8CB8A400167E25 /* Products */;
			projectDirPath = "";
			projectRoot = "";
			targets = (
				9511CEF01A8CB8A400167E25 /* testimage */,
				9511CF091A8CB8A400167E25 /* testimageTests */,
			);
		};
/* End PBXProject section */

/* Begin PBXResourcesBuildPhase section */
		9511CEEF1A8CB8A400167E25 /* Resources */ = {
			isa = PBXResourcesBuildPhase;
			buildActionMask = 2147483647;
			files = (
				9511CF001A8CB8A400167E25 /* Main.storyboard in Resources */,
				9511CF051A8CB8A400167E25 /* LaunchScreen.xib in Resources */,
				9511CF021A8CB8A400167E25 /* Images.xcassets in Resources */,
			);
			runOnlyForDeploymentPostprocessing = 0;
		};
		9511CF081A8CB8A400167E25 /* Resources */ = {
			isa = PBXResourcesBuildPhase;
			buildActionMask = 2147483647;
			files = (
			);
			runOnlyForDeploymentPostprocessing = 0;
		};
/* End PBXResourcesBuildPhase section */

/* Begin PBXSourcesBuildPhase section */
		9511CEED1A8CB8A400167E25 /* Sources */ = {
			isa = PBXSourcesBuildPhase;
			buildActionMask = 2147483647;
			files = (
				9511CEFD1A8CB8A400167E25 /* ViewController.m in Sources */,
				9511CEFA1A8CB8A400167E25 /* AppDelegate.m in Sources */,
				9511CEF71A8CB8A400167E25 /* main.m in Sources */,
			);
			runOnlyForDeploymentPostprocessing = 0;
		};
		9511CF061A8CB8A400167E25 /* Sources */ = {
			isa = PBXSourcesBuildPhase;
			buildActionMask = 2147483647;
			files = (
				9511CF111A8CB8A400167E25 /* testimageTests.m in Sources */,
			);
			runOnlyForDeploymentPostprocessing = 0;
		};
/* End PBXSourcesBuildPhase section */

/* Begin PBXTargetDependency section */
		9511CF0C1A8CB8A400167E25 /* PBXTargetDependency */ = {
			isa = PBXTargetDependency;
			target = 9511CEF01A8CB8A400167E25 /* testimage */;
			targetProxy = 9511CF0B1A8CB8A400167E25 /* PBXContainerItemProxy */;
		};
/* End PBXTargetDependency section */

/* Begin PBXVariantGroup section */
		9511CEFE1A8CB8A400167E25 /* Main.storyboard */ = {
			isa = PBXVariantGroup;
			children = (
				9511CEFF1A8CB8A400167E25 /* Base */,
			);
			name = Main.storyboard;
			sourceTree = "<group>";
		};
		9511CF031A8CB8A400167E25 /* LaunchScreen.xib */ = {
			isa = PBXVariantGroup;
			children = (
				9511CF041A8CB8A400167E25 /* Base */,
			);
			name = LaunchScreen.xib;
			sourceTree = "<group>";
		};
/* End PBXVariantGroup section */

/* Begin XCBuildConfiguration section */
		9511CF121A8CB8A400167E25 /* Debug */ = {
			isa = XCBuildConfiguration;
			buildSettings = {
				ALWAYS_SEARCH_USER_PATHS = NO;
				CLANG_CXX_LANGUAGE_STANDARD = "gnu++0x";
				CLANG_CXX_LIBRARY = "libc++";
				CLANG_ENABLE_MODULES = YES;
				CLANG_ENABLE_OBJC_ARC = YES;
				CLANG_WARN_BOOL_CONVERSION = YES;
				CLANG_WARN_CONSTANT_CONVERSION = YES;
				CLANG_WARN_DIRECT_OBJC_ISA_USAGE = YES_ERROR;
				CLANG_WARN_EMPTY_BODY = YES;
				CLANG_WARN_ENUM_CONVERSION = YES;
				CLANG_WARN_INT_CONVERSION = YES;
				CLANG_WARN_OBJC_ROOT_CLASS = YES_ERROR;
				CLANG_WARN_UNREACHABLE_CODE = YES;
				CLANG_WARN__DUPLICATE_METHOD_MATCH = YES;
				"CODE_SIGN_IDENTITY[sdk=iphoneos*]" = "iPhone Developer";
				COPY_PHASE_STRIP = NO;
				ENABLE_STRICT_OBJC_MSGSEND = YES;
				GCC_C_LANGUAGE_STANDARD = gnu99;
				GCC_DYNAMIC_NO_PIC = NO;
				GCC_OPTIMIZATION_LEVEL = 0;
				GCC_PREPROCESSOR_DEFINITIONS = (
					"DEBUG=1",
					"$(inherited)",
				);
				GCC_SYMBOLS_PRIVATE_EXTERN = NO;
				GCC_WARN_64_TO_32_BIT_CONVERSION = YES;
				GCC_WARN_ABOUT_RETURN_TYPE = YES_ERROR;
				GCC_WARN_UNDECLARED_SELECTOR = YES;
				GCC_WARN_UNINITIALIZED_AUTOS = YES_AGGRESSIVE;
				GCC_WARN_UNUSED_FUNCTION = YES;
				GCC_WARN_UNUSED_VARIABLE = YES;
				IPHONEOS_DEPLOYMENT_TARGET = 8.1;
				MTL_ENABLE_DEBUG_INFO = YES;
				ONLY_ACTIVE_ARCH = YES;
				SDKROOT = iphoneos;
			};
			name = Debug;
		};
		9511CF131A8CB8A400167E25 /* Release */ = {
			isa = XCBuildConfiguration;
			buildSettings = {
				ALWAYS_SEARCH_USER_PATHS = NO;
				CLANG_CXX_LANGUAGE_STANDARD = "gnu++0x";
				CLANG_CXX_LIBRARY = "libc++";
				CLANG_ENABLE_MODULES = YES;
				CLANG_ENABLE_OBJC_ARC = YES;
				CLANG_WARN_BOOL_CONVERSION = YES;
				CLANG_WARN_CONSTANT_CONVERSION = YES;
				CLANG_WARN_DIRECT_OBJC_ISA_USAGE = YES_ERROR;
				CLANG_WARN_EMPTY_BODY = YES;
				CLANG_WARN_ENUM_CONVERSION = YES;
				CLANG_WARN_INT_CONVERSION = YES;
				CLANG_WARN_OBJC_ROOT_CLASS = YES_ERROR;
				CLANG_WARN_UNREACHABLE_CODE = YES;
				CLANG_WARN__DUPLICATE_METHOD_MATCH = YES;
				"CODE_SIGN_IDENTITY[sdk=iphoneos*]" = "iPhone Developer";
				COPY_PHASE_STRIP = YES;
				ENABLE_NS_ASSERTIONS = NO;
				ENABLE_STRICT_OBJC_MSGSEND = YES;
				GCC_C_LANGUAGE_STANDARD = gnu99;
				GCC_WARN_64_TO_32_BIT_CONVERSION = YES;
				GCC_WARN_ABOUT_RETURN_TYPE = YES_ERROR;
				GCC_WARN_UNDECLARED_SELECTOR = YES;
				GCC_WARN_UNINITIALIZED_AUTOS = YES_AGGRESSIVE;
				GCC_WARN_UNUSED_FUNCTION = YES;
				GCC_WARN_UNUSED_VARIABLE = YES;
				IPHONEOS_DEPLOYMENT_TARGET = 8.1;
				MTL_ENABLE_DEBUG_INFO = NO;
				SDKROOT = iphoneos;
				VALIDATE_PRODUCT = YES;
			};
			name = Release;
		};
		9511CF151A8CB8A400167E25 /* Debug */ = {
			isa = XCBuildConfiguration;
			buildSettings = {
				ASSETCATALOG_COMPILER_APPICON_NAME = AppIcon;
				INFOPLIST_FILE = testimage/Info.plist;
				LD_RUNPATH_SEARCH_PATHS = "$(inherited) @executable_path/Frameworks";
				PRODUCT_NAME = "$(TARGET_NAME)";
			};
			name = Debug;
		};
		9511CF161A8CB8A400167E25 /* Release */ = {
			isa = XCBuildConfiguration;
			buildSettings = {
				ASSETCATALOG_COMPILER_APPICON_NAME = AppIcon;
				INFOPLIST_FILE = testimage/Info.plist;
				LD_RUNPATH_SEARCH_PATHS = "$(inherited) @executable_path/Frameworks";
				PRODUCT_NAME = "$(TARGET_NAME)";
			};
			name = Release;
		};
		9511CF181A8CB8A400167E25 /* Debug */ = {
			isa = XCBuildConfiguration;
			buildSettings = {
				BUNDLE_LOADER = "$(TEST_HOST)";
				FRAMEWORK_SEARCH_PATHS = (
					"$(SDKROOT)/Developer/Library/Frameworks",
					"$(inherited)",
				);
				GCC_PREPROCESSOR_DEFINITIONS = (
					"DEBUG=1",
					"$(inherited)",
				);
				INFOPLIST_FILE = testimageTests/Info.plist;
				LD_RUNPATH_SEARCH_PATHS = "$(inherited) @executable_path/Frameworks @loader_path/Frameworks";
				PRODUCT_NAME = "$(TARGET_NAME)";
				TEST_HOST = "$(BUILT_PRODUCTS_DIR)/testimage.app/testimage";
			};
			name = Debug;
		};
		9511CF191A8CB8A400167E25 /* Release */ = {
			isa = XCBuildConfiguration;
			buildSettings = {
				BUNDLE_LOADER = "$(TEST_HOST)";
				FRAMEWORK_SEARCH_PATHS = (
					"$(SDKROOT)/Developer/Library/Frameworks",
					"$(inherited)",
				);
				INFOPLIST_FILE = testimageTests/Info.plist;
				LD_RUNPATH_SEARCH_PATHS = "$(inherited) @executable_path/Frameworks @loader_path/Frameworks";
				PRODUCT_NAME = "$(TARGET_NAME)";
				TEST_HOST = "$(BUILT_PRODUCTS_DIR)/testimage.app/testimage";
			};
			name = Release;
		};
/* End XCBuildConfiguration section */

/* Begin XCConfigurationList section */
		9511CEEC1A8CB8A400167E25 /* Build configuration list for PBXProject "testimage" */ = {
			isa = XCConfigurationList;
			buildConfigurations = (
				9511CF121A8CB8A400167E25 /* Debug */,
				9511CF131A8CB8A400167E25 /* Release */,
			);
			defaultConfigurationIsVisible = 0;
			defaultConfigurationName = Release;
		};
		9511CF141A8CB8A400167E25 /* Build configuration list for PBXNativeTarget "testimage" */ = {
			isa = XCConfigurationList;
			buildConfigurations = (
				9511CF151A8CB8A400167E25 /* Debug */,
				9511CF161A8CB8A400167E25 /* Release */,
			);
			defaultConfigurationIsVisible = 0;
		};
		9511CF171A8CB8A400167E25 /* Build configuration list for PBXNativeTarget "testimageTests" */ = {
			isa = XCConfigurationList;
			buildConfigurations = (
				9511CF181A8CB8A400167E25 /* Debug */,
				9511CF191A8CB8A400167E25 /* Release */,
			);
			defaultConfigurationIsVisible = 0;
		};
/* End XCConfigurationList section */
	};
	rootObject = 9511CEE91A8CB8A400167E25 /* Project object */;
}
